// !$*UTF8*$!
{
	archiveVersion = 1;
	classes = {
	};
	objectVersion = 52;
	objects = {

/* Begin PBXBuildFile section */
		38182C5325F7B0BF00C5D02C /* FirebaseFirestoreSwift-Beta in Frameworks */ = {isa = PBXBuildFile; productRef = 38182C5225F7B0BF00C5D02C /* FirebaseFirestoreSwift-Beta */; };
		38182C5525F7B0BF00C5D02C /* FirebaseStorage in Frameworks */ = {isa = PBXBuildFile; productRef = 38182C5425F7B0BF00C5D02C /* FirebaseStorage */; };
		38182C5725F7B0BF00C5D02C /* FirebaseAuth in Frameworks */ = {isa = PBXBuildFile; productRef = 38182C5625F7B0BF00C5D02C /* FirebaseAuth */; };
		38182C5925F7B0BF00C5D02C /* FirebaseFirestore in Frameworks */ = {isa = PBXBuildFile; productRef = 38182C5825F7B0BF00C5D02C /* FirebaseFirestore */; };
		38182C8C25F7B53B00C5D02C /* PlayersRepository.swift in Sources */ = {isa = PBXBuildFile; fileRef = 38182C5D25F7B53900C5D02C /* PlayersRepository.swift */; };
		38182C8D25F7B53B00C5D02C /* MediaRepository.swift in Sources */ = {isa = PBXBuildFile; fileRef = 38182C5E25F7B53900C5D02C /* MediaRepository.swift */; };
		38182C8E25F7B53B00C5D02C /* AuthenticationService.swift in Sources */ = {isa = PBXBuildFile; fileRef = 38182C6025F7B53900C5D02C /* AuthenticationService.swift */; };
		38182C8F25F7B53B00C5D02C /* PlayersService.swift in Sources */ = {isa = PBXBuildFile; fileRef = 38182C6125F7B53900C5D02C /* PlayersService.swift */; };
		38182C9025F7B53B00C5D02C /* AvatarService.swift in Sources */ = {isa = PBXBuildFile; fileRef = 38182C6225F7B53900C5D02C /* AvatarService.swift */; };
		38182C9125F7B53B00C5D02C /* Player.swift in Sources */ = {isa = PBXBuildFile; fileRef = 38182C6425F7B53900C5D02C /* Player.swift */; };
		38182C9225F7B53B00C5D02C /* LoadedMedia.swift in Sources */ = {isa = PBXBuildFile; fileRef = 38182C6525F7B53900C5D02C /* LoadedMedia.swift */; };
		38182C9325F7B53B00C5D02C /* Preview Assets.xcassets in Resources */ = {isa = PBXBuildFile; fileRef = 38182C6725F7B53900C5D02C /* Preview Assets.xcassets */; };
		38182C9425F7B53B00C5D02C /* LaunchScreen.storyboard in Resources */ = {isa = PBXBuildFile; fileRef = 38182C6925F7B53A00C5D02C /* LaunchScreen.storyboard */; };
		38182C9525F7B53B00C5D02C /* SettingsView.swift in Sources */ = {isa = PBXBuildFile; fileRef = 38182C6C25F7B53A00C5D02C /* SettingsView.swift */; };
		38182C9625F7B53B00C5D02C /* SignUpViewModel.swift in Sources */ = {isa = PBXBuildFile; fileRef = 38182C6E25F7B53A00C5D02C /* SignUpViewModel.swift */; };
		38182C9725F7B53B00C5D02C /* SignUpView.swift in Sources */ = {isa = PBXBuildFile; fileRef = 38182C6F25F7B53A00C5D02C /* SignUpView.swift */; };
		38182C9825F7B53B00C5D02C /* MapView.swift in Sources */ = {isa = PBXBuildFile; fileRef = 38182C7025F7B53A00C5D02C /* MapView.swift */; };
		38182C9925F7B53B00C5D02C /* PlayerDetails.swift in Sources */ = {isa = PBXBuildFile; fileRef = 38182C7225F7B53A00C5D02C /* PlayerDetails.swift */; };
		38182C9A25F7B53B00C5D02C /* PlayerDetailsViewModel.swift in Sources */ = {isa = PBXBuildFile; fileRef = 38182C7325F7B53A00C5D02C /* PlayerDetailsViewModel.swift */; };
		38182C9B25F7B53B00C5D02C /* TestView.swift in Sources */ = {isa = PBXBuildFile; fileRef = 38182C7425F7B53A00C5D02C /* TestView.swift */; };
		38182C9C25F7B53B00C5D02C /* LocationPicker.swift in Sources */ = {isa = PBXBuildFile; fileRef = 38182C7625F7B53A00C5D02C /* LocationPicker.swift */; };
		38182C9D25F7B53B00C5D02C /* ImagePicker.swift in Sources */ = {isa = PBXBuildFile; fileRef = 38182C7725F7B53A00C5D02C /* ImagePicker.swift */; };
		38182C9E25F7B53B00C5D02C /* ImageWithText.swift in Sources */ = {isa = PBXBuildFile; fileRef = 38182C7925F7B53A00C5D02C /* ImageWithText.swift */; };
		38182C9F25F7B53B00C5D02C /* ImageGallery.swift in Sources */ = {isa = PBXBuildFile; fileRef = 38182C7A25F7B53A00C5D02C /* ImageGallery.swift */; };
		38182CA025F7B53B00C5D02C /* SignInView.swift in Sources */ = {isa = PBXBuildFile; fileRef = 38182C7C25F7B53A00C5D02C /* SignInView.swift */; };
		38182CA125F7B53B00C5D02C /* SignInViewModel.swift in Sources */ = {isa = PBXBuildFile; fileRef = 38182C7D25F7B53A00C5D02C /* SignInViewModel.swift */; };
		38182CA225F7B53B00C5D02C /* PlayerListVIew.swift in Sources */ = {isa = PBXBuildFile; fileRef = 38182C7E25F7B53A00C5D02C /* PlayerListVIew.swift */; };
		38182CA325F7B53B00C5D02C /* MainView.swift in Sources */ = {isa = PBXBuildFile; fileRef = 38182C7F25F7B53A00C5D02C /* MainView.swift */; };
		38182CA425F7B53B00C5D02C /* ContentView.swift in Sources */ = {isa = PBXBuildFile; fileRef = 38182C8025F7B53A00C5D02C /* ContentView.swift */; };
		38182CA525F7B53B00C5D02C /* PlayerGridElement.swift in Sources */ = {isa = PBXBuildFile; fileRef = 38182C8125F7B53A00C5D02C /* PlayerGridElement.swift */; };
		38182CA625F7B53B00C5D02C /* PlayersStore.swift in Sources */ = {isa = PBXBuildFile; fileRef = 38182C8325F7B53A00C5D02C /* PlayersStore.swift */; };
		38182CA725F7B53B00C5D02C /* LoggedUserStore.swift in Sources */ = {isa = PBXBuildFile; fileRef = 38182C8425F7B53A00C5D02C /* LoggedUserStore.swift */; };
		38182CA825F7B53B00C5D02C /* SettingsStore.swift in Sources */ = {isa = PBXBuildFile; fileRef = 38182C8525F7B53A00C5D02C /* SettingsStore.swift */; };
		38182CA925F7B53B00C5D02C /* Assets.xcassets in Resources */ = {isa = PBXBuildFile; fileRef = 38182C8625F7B53A00C5D02C /* Assets.xcassets */; };
		38182CAB25F7B53B00C5D02C /* DependencyFactory.swift in Sources */ = {isa = PBXBuildFile; fileRef = 38182C8925F7B53B00C5D02C /* DependencyFactory.swift */; };
		38182CAC25F7B53B00C5D02C /* AppDelegate.swift in Sources */ = {isa = PBXBuildFile; fileRef = 38182C8A25F7B53B00C5D02C /* AppDelegate.swift */; };
		38182CAD25F7B53B00C5D02C /* SceneDelegate.swift in Sources */ = {isa = PBXBuildFile; fileRef = 38182C8B25F7B53B00C5D02C /* SceneDelegate.swift */; };
		38182CB025F7B56C00C5D02C /* GoogleService-Info.plist in Resources */ = {isa = PBXBuildFile; fileRef = 38182CAF25F7B56B00C5D02C /* GoogleService-Info.plist */; };
		38182CBD25F7CB0200C5D02C /* Localizable.strings in Resources */ = {isa = PBXBuildFile; fileRef = 38182CBF25F7CB0200C5D02C /* Localizable.strings */; };
		38182CC425F7E33C00C5D02C /* PlayerEdit.swift in Sources */ = {isa = PBXBuildFile; fileRef = 38182CC325F7E33C00C5D02C /* PlayerEdit.swift */; };
		38182CC725F7E35200C5D02C /* PlayerEditViewModel.swift in Sources */ = {isa = PBXBuildFile; fileRef = 38182CC625F7E35200C5D02C /* PlayerEditViewModel.swift */; };
		38182CCA25F7E36600C5D02C /* VideoPicker.swift in Sources */ = {isa = PBXBuildFile; fileRef = 38182CC925F7E36600C5D02C /* VideoPicker.swift */; };
		389ED4B125F92071002F5E0F /* PrivilegeText.swift in Sources */ = {isa = PBXBuildFile; fileRef = 389ED4B025F92071002F5E0F /* PrivilegeText.swift */; };
		38FA74FC25FA8E2000574216 /* GridImageGallery.swift in Sources */ = {isa = PBXBuildFile; fileRef = 38FA74FB25FA8E2000574216 /* GridImageGallery.swift */; };
/* End PBXBuildFile section */

/* Begin PBXFileReference section */
		38182C1F25F7AE9600C5D02C /* MinecraftPlayers.app */ = {isa = PBXFileReference; explicitFileType = wrapper.application; includeInIndex = 0; path = MinecraftPlayers.app; sourceTree = BUILT_PRODUCTS_DIR; };
		38182C5D25F7B53900C5D02C /* PlayersRepository.swift */ = {isa = PBXFileReference; fileEncoding = 4; lastKnownFileType = sourcecode.swift; path = PlayersRepository.swift; sourceTree = "<group>"; };
		38182C5E25F7B53900C5D02C /* MediaRepository.swift */ = {isa = PBXFileReference; fileEncoding = 4; lastKnownFileType = sourcecode.swift; path = MediaRepository.swift; sourceTree = "<group>"; };
		38182C6025F7B53900C5D02C /* AuthenticationService.swift */ = {isa = PBXFileReference; fileEncoding = 4; lastKnownFileType = sourcecode.swift; path = AuthenticationService.swift; sourceTree = "<group>"; };
		38182C6125F7B53900C5D02C /* PlayersService.swift */ = {isa = PBXFileReference; fileEncoding = 4; lastKnownFileType = sourcecode.swift; path = PlayersService.swift; sourceTree = "<group>"; };
		38182C6225F7B53900C5D02C /* AvatarService.swift */ = {isa = PBXFileReference; fileEncoding = 4; lastKnownFileType = sourcecode.swift; path = AvatarService.swift; sourceTree = "<group>"; };
		38182C6425F7B53900C5D02C /* Player.swift */ = {isa = PBXFileReference; fileEncoding = 4; lastKnownFileType = sourcecode.swift; path = Player.swift; sourceTree = "<group>"; };
		38182C6525F7B53900C5D02C /* LoadedMedia.swift */ = {isa = PBXFileReference; fileEncoding = 4; lastKnownFileType = sourcecode.swift; path = LoadedMedia.swift; sourceTree = "<group>"; };
		38182C6725F7B53900C5D02C /* Preview Assets.xcassets */ = {isa = PBXFileReference; lastKnownFileType = folder.assetcatalog; path = "Preview Assets.xcassets"; sourceTree = "<group>"; };
		38182C6A25F7B53A00C5D02C /* Base */ = {isa = PBXFileReference; lastKnownFileType = file.storyboard; name = Base; path = LaunchScreen.storyboard; sourceTree = "<group>"; };
		38182C6C25F7B53A00C5D02C /* SettingsView.swift */ = {isa = PBXFileReference; fileEncoding = 4; lastKnownFileType = sourcecode.swift; path = SettingsView.swift; sourceTree = "<group>"; };
		38182C6E25F7B53A00C5D02C /* SignUpViewModel.swift */ = {isa = PBXFileReference; fileEncoding = 4; lastKnownFileType = sourcecode.swift; path = SignUpViewModel.swift; sourceTree = "<group>"; };
		38182C6F25F7B53A00C5D02C /* SignUpView.swift */ = {isa = PBXFileReference; fileEncoding = 4; lastKnownFileType = sourcecode.swift; path = SignUpView.swift; sourceTree = "<group>"; };
		38182C7025F7B53A00C5D02C /* MapView.swift */ = {isa = PBXFileReference; fileEncoding = 4; lastKnownFileType = sourcecode.swift; path = MapView.swift; sourceTree = "<group>"; };
		38182C7225F7B53A00C5D02C /* PlayerDetails.swift */ = {isa = PBXFileReference; fileEncoding = 4; lastKnownFileType = sourcecode.swift; path = PlayerDetails.swift; sourceTree = "<group>"; };
		38182C7325F7B53A00C5D02C /* PlayerDetailsViewModel.swift */ = {isa = PBXFileReference; fileEncoding = 4; lastKnownFileType = sourcecode.swift; path = PlayerDetailsViewModel.swift; sourceTree = "<group>"; };
		38182C7425F7B53A00C5D02C /* TestView.swift */ = {isa = PBXFileReference; fileEncoding = 4; lastKnownFileType = sourcecode.swift; path = TestView.swift; sourceTree = "<group>"; };
		38182C7625F7B53A00C5D02C /* LocationPicker.swift */ = {isa = PBXFileReference; fileEncoding = 4; lastKnownFileType = sourcecode.swift; path = LocationPicker.swift; sourceTree = "<group>"; };
		38182C7725F7B53A00C5D02C /* ImagePicker.swift */ = {isa = PBXFileReference; fileEncoding = 4; lastKnownFileType = sourcecode.swift; path = ImagePicker.swift; sourceTree = "<group>"; };
		38182C7925F7B53A00C5D02C /* ImageWithText.swift */ = {isa = PBXFileReference; fileEncoding = 4; lastKnownFileType = sourcecode.swift; path = ImageWithText.swift; sourceTree = "<group>"; };
		38182C7A25F7B53A00C5D02C /* ImageGallery.swift */ = {isa = PBXFileReference; fileEncoding = 4; lastKnownFileType = sourcecode.swift; path = ImageGallery.swift; sourceTree = "<group>"; };
		38182C7C25F7B53A00C5D02C /* SignInView.swift */ = {isa = PBXFileReference; fileEncoding = 4; lastKnownFileType = sourcecode.swift; path = SignInView.swift; sourceTree = "<group>"; };
		38182C7D25F7B53A00C5D02C /* SignInViewModel.swift */ = {isa = PBXFileReference; fileEncoding = 4; lastKnownFileType = sourcecode.swift; path = SignInViewModel.swift; sourceTree = "<group>"; };
		38182C7E25F7B53A00C5D02C /* PlayerListVIew.swift */ = {isa = PBXFileReference; fileEncoding = 4; lastKnownFileType = sourcecode.swift; path = PlayerListVIew.swift; sourceTree = "<group>"; };
		38182C7F25F7B53A00C5D02C /* MainView.swift */ = {isa = PBXFileReference; fileEncoding = 4; lastKnownFileType = sourcecode.swift; path = MainView.swift; sourceTree = "<group>"; };
		38182C8025F7B53A00C5D02C /* ContentView.swift */ = {isa = PBXFileReference; fileEncoding = 4; lastKnownFileType = sourcecode.swift; path = ContentView.swift; sourceTree = "<group>"; };
		38182C8125F7B53A00C5D02C /* PlayerGridElement.swift */ = {isa = PBXFileReference; fileEncoding = 4; lastKnownFileType = sourcecode.swift; path = PlayerGridElement.swift; sourceTree = "<group>"; };
		38182C8325F7B53A00C5D02C /* PlayersStore.swift */ = {isa = PBXFileReference; fileEncoding = 4; lastKnownFileType = sourcecode.swift; path = PlayersStore.swift; sourceTree = "<group>"; };
		38182C8425F7B53A00C5D02C /* LoggedUserStore.swift */ = {isa = PBXFileReference; fileEncoding = 4; lastKnownFileType = sourcecode.swift; path = LoggedUserStore.swift; sourceTree = "<group>"; };
		38182C8525F7B53A00C5D02C /* SettingsStore.swift */ = {isa = PBXFileReference; fileEncoding = 4; lastKnownFileType = sourcecode.swift; path = SettingsStore.swift; sourceTree = "<group>"; };
		38182C8625F7B53A00C5D02C /* Assets.xcassets */ = {isa = PBXFileReference; lastKnownFileType = folder.assetcatalog; path = Assets.xcassets; sourceTree = "<group>"; };
		38182C8925F7B53B00C5D02C /* DependencyFactory.swift */ = {isa = PBXFileReference; fileEncoding = 4; lastKnownFileType = sourcecode.swift; path = DependencyFactory.swift; sourceTree = "<group>"; };
		38182C8A25F7B53B00C5D02C /* AppDelegate.swift */ = {isa = PBXFileReference; fileEncoding = 4; lastKnownFileType = sourcecode.swift; path = AppDelegate.swift; sourceTree = "<group>"; };
		38182C8B25F7B53B00C5D02C /* SceneDelegate.swift */ = {isa = PBXFileReference; fileEncoding = 4; lastKnownFileType = sourcecode.swift; path = SceneDelegate.swift; sourceTree = "<group>"; };
		38182CAF25F7B56B00C5D02C /* GoogleService-Info.plist */ = {isa = PBXFileReference; lastKnownFileType = text.plist; path = "GoogleService-Info.plist"; sourceTree = SOURCE_ROOT; };
		38182CB625F7BE6B00C5D02C /* Info.plist */ = {isa = PBXFileReference; fileEncoding = 4; lastKnownFileType = text.plist.xml; name = Info.plist; path = MinecraftPlayers/Info.plist; sourceTree = "<group>"; };
		38182CBE25F7CB0200C5D02C /* en */ = {isa = PBXFileReference; lastKnownFileType = text.plist.strings; name = en; path = en.lproj/Localizable.strings; sourceTree = "<group>"; };
		38182CC125F7CB2900C5D02C /* ru */ = {isa = PBXFileReference; lastKnownFileType = text.plist.strings; name = ru; path = ru.lproj/Localizable.strings; sourceTree = "<group>"; };
		38182CC325F7E33C00C5D02C /* PlayerEdit.swift */ = {isa = PBXFileReference; lastKnownFileType = sourcecode.swift; path = PlayerEdit.swift; sourceTree = "<group>"; };
		38182CC625F7E35200C5D02C /* PlayerEditViewModel.swift */ = {isa = PBXFileReference; lastKnownFileType = sourcecode.swift; path = PlayerEditViewModel.swift; sourceTree = "<group>"; };
		38182CC925F7E36600C5D02C /* VideoPicker.swift */ = {isa = PBXFileReference; lastKnownFileType = sourcecode.swift; path = VideoPicker.swift; sourceTree = "<group>"; };
		389ED4B025F92071002F5E0F /* PrivilegeText.swift */ = {isa = PBXFileReference; lastKnownFileType = sourcecode.swift; path = PrivilegeText.swift; sourceTree = "<group>"; };
		38FA74FB25FA8E2000574216 /* GridImageGallery.swift */ = {isa = PBXFileReference; lastKnownFileType = sourcecode.swift; path = GridImageGallery.swift; sourceTree = "<group>"; };
/* End PBXFileReference section */

/* Begin PBXFrameworksBuildPhase section */
		38182C1C25F7AE9600C5D02C /* Frameworks */ = {
			isa = PBXFrameworksBuildPhase;
			buildActionMask = 2147483647;
			files = (
				38182C5325F7B0BF00C5D02C /* FirebaseFirestoreSwift-Beta in Frameworks */,
				38182C5925F7B0BF00C5D02C /* FirebaseFirestore in Frameworks */,
				38182C5725F7B0BF00C5D02C /* FirebaseAuth in Frameworks */,
				38182C5525F7B0BF00C5D02C /* FirebaseStorage in Frameworks */,
			);
			runOnlyForDeploymentPostprocessing = 0;
		};
/* End PBXFrameworksBuildPhase section */

/* Begin PBXGroup section */
		38182C1625F7AE9600C5D02C = {
			isa = PBXGroup;
			children = (
				38182C2125F7AE9600C5D02C /* MinecraftPlayers */,
				38182CAF25F7B56B00C5D02C /* GoogleService-Info.plist */,
				38182CB625F7BE6B00C5D02C /* Info.plist */,
				38182C2025F7AE9600C5D02C /* Products */,
			);
			sourceTree = "<group>";
		};
		38182C2025F7AE9600C5D02C /* Products */ = {
			isa = PBXGroup;
			children = (
				38182C1F25F7AE9600C5D02C /* MinecraftPlayers.app */,
			);
			name = Products;
			sourceTree = "<group>";
		};
		38182C2125F7AE9600C5D02C /* MinecraftPlayers */ = {
			isa = PBXGroup;
			children = (
				38182C8825F7B53B00C5D02C /* App */,
				38182C8625F7B53A00C5D02C /* Assets.xcassets */,
				38182C6825F7B53900C5D02C /* Base.lproj */,
				38182C6325F7B53900C5D02C /* Models */,
				38182C5C25F7B53900C5D02C /* Repositories */,
				38182C5F25F7B53900C5D02C /* Services */,
				38182C8225F7B53A00C5D02C /* Stores */,
				38182C6B25F7B53A00C5D02C /* Views */,
				38182C6625F7B53900C5D02C /* Preview Content */,
				38182CBF25F7CB0200C5D02C /* Localizable.strings */,
			);
			path = MinecraftPlayers;
			sourceTree = "<group>";
		};
		38182C5C25F7B53900C5D02C /* Repositories */ = {
			isa = PBXGroup;
			children = (
				38182C5D25F7B53900C5D02C /* PlayersRepository.swift */,
				38182C5E25F7B53900C5D02C /* MediaRepository.swift */,
			);
			path = Repositories;
			sourceTree = "<group>";
		};
		38182C5F25F7B53900C5D02C /* Services */ = {
			isa = PBXGroup;
			children = (
				38182C6025F7B53900C5D02C /* AuthenticationService.swift */,
				38182C6125F7B53900C5D02C /* PlayersService.swift */,
				38182C6225F7B53900C5D02C /* AvatarService.swift */,
			);
			path = Services;
			sourceTree = "<group>";
		};
		38182C6325F7B53900C5D02C /* Models */ = {
			isa = PBXGroup;
			children = (
				38182C6425F7B53900C5D02C /* Player.swift */,
				38182C6525F7B53900C5D02C /* LoadedMedia.swift */,
			);
			path = Models;
			sourceTree = "<group>";
		};
		38182C6625F7B53900C5D02C /* Preview Content */ = {
			isa = PBXGroup;
			children = (
				38182C6725F7B53900C5D02C /* Preview Assets.xcassets */,
			);
			path = "Preview Content";
			sourceTree = "<group>";
		};
		38182C6825F7B53900C5D02C /* Base.lproj */ = {
			isa = PBXGroup;
			children = (
				38182C6925F7B53A00C5D02C /* LaunchScreen.storyboard */,
			);
			path = Base.lproj;
			sourceTree = "<group>";
		};
		38182C6B25F7B53A00C5D02C /* Views */ = {
			isa = PBXGroup;
			children = (
				38182C7825F7B53A00C5D02C /* Components */,
				38182C7B25F7B53A00C5D02C /* SignIn */,
				38182C6D25F7B53A00C5D02C /* SignUp */,
				38182C7125F7B53A00C5D02C /* Details */,
				38182C7525F7B53A00C5D02C /* Edit */,
				38182C6C25F7B53A00C5D02C /* SettingsView.swift */,
				38182C7025F7B53A00C5D02C /* MapView.swift */,
				38182C7425F7B53A00C5D02C /* TestView.swift */,
				38182C8025F7B53A00C5D02C /* ContentView.swift */,
				38182C7E25F7B53A00C5D02C /* PlayerListVIew.swift */,
				38182C7F25F7B53A00C5D02C /* MainView.swift */,
				38182C8125F7B53A00C5D02C /* PlayerGridElement.swift */,
			);
			path = Views;
			sourceTree = "<group>";
		};
		38182C6D25F7B53A00C5D02C /* SignUp */ = {
			isa = PBXGroup;
			children = (
				38182C6E25F7B53A00C5D02C /* SignUpViewModel.swift */,
				38182C6F25F7B53A00C5D02C /* SignUpView.swift */,
			);
			path = SignUp;
			sourceTree = "<group>";
		};
		38182C7125F7B53A00C5D02C /* Details */ = {
			isa = PBXGroup;
			children = (
				38182C7225F7B53A00C5D02C /* PlayerDetails.swift */,
				38182C7325F7B53A00C5D02C /* PlayerDetailsViewModel.swift */,
			);
			path = Details;
			sourceTree = "<group>";
		};
		38182C7525F7B53A00C5D02C /* Edit */ = {
			isa = PBXGroup;
			children = (
				38182CC325F7E33C00C5D02C /* PlayerEdit.swift */,
				38182CC625F7E35200C5D02C /* PlayerEditViewModel.swift */,
			);
			path = Edit;
			sourceTree = "<group>";
		};
		38182C7825F7B53A00C5D02C /* Components */ = {
			isa = PBXGroup;
			children = (
				38182C7725F7B53A00C5D02C /* ImagePicker.swift */,
				38182C7625F7B53A00C5D02C /* LocationPicker.swift */,
				38182C7925F7B53A00C5D02C /* ImageWithText.swift */,
				38182C7A25F7B53A00C5D02C /* ImageGallery.swift */,
				38182CC925F7E36600C5D02C /* VideoPicker.swift */,
				389ED4B025F92071002F5E0F /* PrivilegeText.swift */,
				38FA74FB25FA8E2000574216 /* GridImageGallery.swift */,
			);
			path = Components;
			sourceTree = "<group>";
		};
		38182C7B25F7B53A00C5D02C /* SignIn */ = {
			isa = PBXGroup;
			children = (
				38182C7C25F7B53A00C5D02C /* SignInView.swift */,
				38182C7D25F7B53A00C5D02C /* SignInViewModel.swift */,
			);
			path = SignIn;
			sourceTree = "<group>";
		};
		38182C8225F7B53A00C5D02C /* Stores */ = {
			isa = PBXGroup;
			children = (
				38182C8325F7B53A00C5D02C /* PlayersStore.swift */,
				38182C8425F7B53A00C5D02C /* LoggedUserStore.swift */,
				38182C8525F7B53A00C5D02C /* SettingsStore.swift */,
			);
			path = Stores;
			sourceTree = "<group>";
		};
		38182C8825F7B53B00C5D02C /* App */ = {
			isa = PBXGroup;
			children = (
				38182C8925F7B53B00C5D02C /* DependencyFactory.swift */,
				38182C8A25F7B53B00C5D02C /* AppDelegate.swift */,
				38182C8B25F7B53B00C5D02C /* SceneDelegate.swift */,
			);
			path = App;
			sourceTree = "<group>";
		};
/* End PBXGroup section */

/* Begin PBXNativeTarget section */
		38182C1E25F7AE9600C5D02C /* MinecraftPlayers */ = {
			isa = PBXNativeTarget;
			buildConfigurationList = 38182C3325F7AEB200C5D02C /* Build configuration list for PBXNativeTarget "MinecraftPlayers" */;
			buildPhases = (
				38182C1B25F7AE9600C5D02C /* Sources */,
				38182C1C25F7AE9600C5D02C /* Frameworks */,
				38182C1D25F7AE9600C5D02C /* Resources */,
			);
			buildRules = (
			);
			dependencies = (
			);
			name = MinecraftPlayers;
			packageProductDependencies = (
				38182C5225F7B0BF00C5D02C /* FirebaseFirestoreSwift-Beta */,
				38182C5425F7B0BF00C5D02C /* FirebaseStorage */,
				38182C5625F7B0BF00C5D02C /* FirebaseAuth */,
				38182C5825F7B0BF00C5D02C /* FirebaseFirestore */,
			);
			productName = MinecraftPlayers;
			productReference = 38182C1F25F7AE9600C5D02C /* MinecraftPlayers.app */;
			productType = "com.apple.product-type.application";
		};
/* End PBXNativeTarget section */

/* Begin PBXProject section */
		38182C1725F7AE9600C5D02C /* Project object */ = {
			isa = PBXProject;
			attributes = {
				LastSwiftUpdateCheck = 1240;
				LastUpgradeCheck = 1240;
				TargetAttributes = {
					38182C1E25F7AE9600C5D02C = {
						CreatedOnToolsVersion = 12.4;
					};
				};
			};
			buildConfigurationList = 38182C1A25F7AE9600C5D02C /* Build configuration list for PBXProject "MinecraftPlayers" */;
			compatibilityVersion = "Xcode 9.3";
			developmentRegion = en;
			hasScannedForEncodings = 0;
			knownRegions = (
				en,
				Base,
				ru,
			);
			mainGroup = 38182C1625F7AE9600C5D02C;
			packageReferences = (
				38182C5125F7B0BF00C5D02C /* XCRemoteSwiftPackageReference "firebase-ios-sdk" */,
			);
			productRefGroup = 38182C2025F7AE9600C5D02C /* Products */;
			projectDirPath = "";
			projectRoot = "";
			targets = (
				38182C1E25F7AE9600C5D02C /* MinecraftPlayers */,
			);
		};
/* End PBXProject section */

/* Begin PBXResourcesBuildPhase section */
		38182C1D25F7AE9600C5D02C /* Resources */ = {
			isa = PBXResourcesBuildPhase;
			buildActionMask = 2147483647;
			files = (
				38182CBD25F7CB0200C5D02C /* Localizable.strings in Resources */,
				38182C9325F7B53B00C5D02C /* Preview Assets.xcassets in Resources */,
				38182CB025F7B56C00C5D02C /* GoogleService-Info.plist in Resources */,
				38182CA925F7B53B00C5D02C /* Assets.xcassets in Resources */,
				38182C9425F7B53B00C5D02C /* LaunchScreen.storyboard in Resources */,
			);
			runOnlyForDeploymentPostprocessing = 0;
		};
/* End PBXResourcesBuildPhase section */

/* Begin PBXSourcesBuildPhase section */
		38182C1B25F7AE9600C5D02C /* Sources */ = {
			isa = PBXSourcesBuildPhase;
			buildActionMask = 2147483647;
			files = (
				38182CA625F7B53B00C5D02C /* PlayersStore.swift in Sources */,
				38182C9F25F7B53B00C5D02C /* ImageGallery.swift in Sources */,
				38182C9B25F7B53B00C5D02C /* TestView.swift in Sources */,
				38182C9225F7B53B00C5D02C /* LoadedMedia.swift in Sources */,
				38182CAC25F7B53B00C5D02C /* AppDelegate.swift in Sources */,
				38182CAD25F7B53B00C5D02C /* SceneDelegate.swift in Sources */,
				38182C9525F7B53B00C5D02C /* SettingsView.swift in Sources */,
				38182CAB25F7B53B00C5D02C /* DependencyFactory.swift in Sources */,
				38182CA125F7B53B00C5D02C /* SignInViewModel.swift in Sources */,
				38182CA725F7B53B00C5D02C /* LoggedUserStore.swift in Sources */,
				38182C8F25F7B53B00C5D02C /* PlayersService.swift in Sources */,
				38182C9825F7B53B00C5D02C /* MapView.swift in Sources */,
				389ED4B125F92071002F5E0F /* PrivilegeText.swift in Sources */,
				38182CA325F7B53B00C5D02C /* MainView.swift in Sources */,
				38182C8E25F7B53B00C5D02C /* AuthenticationService.swift in Sources */,
				38182C9925F7B53B00C5D02C /* PlayerDetails.swift in Sources */,
				38182C9E25F7B53B00C5D02C /* ImageWithText.swift in Sources */,
				38182C9625F7B53B00C5D02C /* SignUpViewModel.swift in Sources */,
				38182CA025F7B53B00C5D02C /* SignInView.swift in Sources */,
				38182C8D25F7B53B00C5D02C /* MediaRepository.swift in Sources */,
				38182CC725F7E35200C5D02C /* PlayerEditViewModel.swift in Sources */,
				38182C9A25F7B53B00C5D02C /* PlayerDetailsViewModel.swift in Sources */,
				38182CCA25F7E36600C5D02C /* VideoPicker.swift in Sources */,
				38182C9725F7B53B00C5D02C /* SignUpView.swift in Sources */,
				38182C9C25F7B53B00C5D02C /* LocationPicker.swift in Sources */,
				38182CA425F7B53B00C5D02C /* ContentView.swift in Sources */,
				38182CA225F7B53B00C5D02C /* PlayerListVIew.swift in Sources */,
				38182C8C25F7B53B00C5D02C /* PlayersRepository.swift in Sources */,
				38FA74FC25FA8E2000574216 /* GridImageGallery.swift in Sources */,
				38182CA825F7B53B00C5D02C /* SettingsStore.swift in Sources */,
				38182C9D25F7B53B00C5D02C /* ImagePicker.swift in Sources */,
				38182CC425F7E33C00C5D02C /* PlayerEdit.swift in Sources */,
				38182C9125F7B53B00C5D02C /* Player.swift in Sources */,
				38182C9025F7B53B00C5D02C /* AvatarService.swift in Sources */,
				38182CA525F7B53B00C5D02C /* PlayerGridElement.swift in Sources */,
			);
			runOnlyForDeploymentPostprocessing = 0;
		};
/* End PBXSourcesBuildPhase section */

/* Begin PBXVariantGroup section */
		38182C6925F7B53A00C5D02C /* LaunchScreen.storyboard */ = {
			isa = PBXVariantGroup;
			children = (
				38182C6A25F7B53A00C5D02C /* Base */,
			);
			name = LaunchScreen.storyboard;
			sourceTree = "<group>";
		};
		38182CBF25F7CB0200C5D02C /* Localizable.strings */ = {
			isa = PBXVariantGroup;
			children = (
				38182CBE25F7CB0200C5D02C /* en */,
				38182CC125F7CB2900C5D02C /* ru */,
			);
			name = Localizable.strings;
			sourceTree = "<group>";
		};
/* End PBXVariantGroup section */

/* Begin XCBuildConfiguration section */
		38182C3125F7AEB200C5D02C /* Debug */ = {
			isa = XCBuildConfiguration;
			buildSettings = {
				ALWAYS_SEARCH_USER_PATHS = NO;
				CLANG_ANALYZER_LOCALIZABILITY_NONLOCALIZED = YES;
				CLANG_ANALYZER_NONNULL = YES;
				CLANG_ANALYZER_NUMBER_OBJECT_CONVERSION = YES_AGGRESSIVE;
				CLANG_CXX_LANGUAGE_STANDARD = "gnu++14";
				CLANG_CXX_LIBRARY = "libc++";
				CLANG_ENABLE_MODULES = YES;
				CLANG_ENABLE_OBJC_ARC = YES;
				CLANG_ENABLE_OBJC_WEAK = YES;
				CLANG_WARN_BLOCK_CAPTURE_AUTORELEASING = YES;
				CLANG_WARN_BOOL_CONVERSION = YES;
				CLANG_WARN_COMMA = YES;
				CLANG_WARN_CONSTANT_CONVERSION = YES;
				CLANG_WARN_DEPRECATED_OBJC_IMPLEMENTATIONS = YES;
				CLANG_WARN_DIRECT_OBJC_ISA_USAGE = YES_ERROR;
				CLANG_WARN_DOCUMENTATION_COMMENTS = YES;
				CLANG_WARN_EMPTY_BODY = YES;
				CLANG_WARN_ENUM_CONVERSION = YES;
				CLANG_WARN_INFINITE_RECURSION = YES;
				CLANG_WARN_INT_CONVERSION = YES;
				CLANG_WARN_NON_LITERAL_NULL_CONVERSION = YES;
				CLANG_WARN_OBJC_IMPLICIT_RETAIN_SELF = YES;
				CLANG_WARN_OBJC_LITERAL_CONVERSION = YES;
				CLANG_WARN_OBJC_ROOT_CLASS = YES_ERROR;
				CLANG_WARN_QUOTED_INCLUDE_IN_FRAMEWORK_HEADER = YES;
				CLANG_WARN_RANGE_LOOP_ANALYSIS = YES;
				CLANG_WARN_STRICT_PROTOTYPES = YES;
				CLANG_WARN_SUSPICIOUS_MOVE = YES;
				CLANG_WARN_UNGUARDED_AVAILABILITY = YES_AGGRESSIVE;
				CLANG_WARN_UNREACHABLE_CODE = YES;
				CLANG_WARN__DUPLICATE_METHOD_MATCH = YES;
				COPY_PHASE_STRIP = NO;
				DEBUG_INFORMATION_FORMAT = dwarf;
				ENABLE_STRICT_OBJC_MSGSEND = YES;
				ENABLE_TESTABILITY = YES;
				GCC_C_LANGUAGE_STANDARD = gnu11;
				GCC_DYNAMIC_NO_PIC = NO;
				GCC_NO_COMMON_BLOCKS = YES;
				GCC_OPTIMIZATION_LEVEL = 0;
				GCC_PREPROCESSOR_DEFINITIONS = (
					"DEBUG=1",
					"$(inherited)",
				);
				GCC_WARN_64_TO_32_BIT_CONVERSION = YES;
				GCC_WARN_ABOUT_RETURN_TYPE = YES_ERROR;
				GCC_WARN_UNDECLARED_SELECTOR = YES;
				GCC_WARN_UNINITIALIZED_AUTOS = YES_AGGRESSIVE;
				GCC_WARN_UNUSED_FUNCTION = YES;
				GCC_WARN_UNUSED_VARIABLE = YES;
				IPHONEOS_DEPLOYMENT_TARGET = 14.4;
				MTL_ENABLE_DEBUG_INFO = INCLUDE_SOURCE;
				MTL_FAST_MATH = YES;
				ONLY_ACTIVE_ARCH = YES;
				SDKROOT = iphoneos;
				SWIFT_ACTIVE_COMPILATION_CONDITIONS = DEBUG;
				SWIFT_OPTIMIZATION_LEVEL = "-Onone";
			};
			name = Debug;
		};
		38182C3225F7AEB200C5D02C /* Release */ = {
			isa = XCBuildConfiguration;
			buildSettings = {
				ALWAYS_SEARCH_USER_PATHS = NO;
				CLANG_ANALYZER_LOCALIZABILITY_NONLOCALIZED = YES;
				CLANG_ANALYZER_NONNULL = YES;
				CLANG_ANALYZER_NUMBER_OBJECT_CONVERSION = YES_AGGRESSIVE;
				CLANG_CXX_LANGUAGE_STANDARD = "gnu++14";
				CLANG_CXX_LIBRARY = "libc++";
				CLANG_ENABLE_MODULES = YES;
				CLANG_ENABLE_OBJC_ARC = YES;
				CLANG_ENABLE_OBJC_WEAK = YES;
				CLANG_WARN_BLOCK_CAPTURE_AUTORELEASING = YES;
				CLANG_WARN_BOOL_CONVERSION = YES;
				CLANG_WARN_COMMA = YES;
				CLANG_WARN_CONSTANT_CONVERSION = YES;
				CLANG_WARN_DEPRECATED_OBJC_IMPLEMENTATIONS = YES;
				CLANG_WARN_DIRECT_OBJC_ISA_USAGE = YES_ERROR;
				CLANG_WARN_DOCUMENTATION_COMMENTS = YES;
				CLANG_WARN_EMPTY_BODY = YES;
				CLANG_WARN_ENUM_CONVERSION = YES;
				CLANG_WARN_INFINITE_RECURSION = YES;
				CLANG_WARN_INT_CONVERSION = YES;
				CLANG_WARN_NON_LITERAL_NULL_CONVERSION = YES;
				CLANG_WARN_OBJC_IMPLICIT_RETAIN_SELF = YES;
				CLANG_WARN_OBJC_LITERAL_CONVERSION = YES;
				CLANG_WARN_OBJC_ROOT_CLASS = YES_ERROR;
				CLANG_WARN_QUOTED_INCLUDE_IN_FRAMEWORK_HEADER = YES;
				CLANG_WARN_RANGE_LOOP_ANALYSIS = YES;
				CLANG_WARN_STRICT_PROTOTYPES = YES;
				CLANG_WARN_SUSPICIOUS_MOVE = YES;
				CLANG_WARN_UNGUARDED_AVAILABILITY = YES_AGGRESSIVE;
				CLANG_WARN_UNREACHABLE_CODE = YES;
				CLANG_WARN__DUPLICATE_METHOD_MATCH = YES;
				COPY_PHASE_STRIP = NO;
				DEBUG_INFORMATION_FORMAT = "dwarf-with-dsym";
				ENABLE_NS_ASSERTIONS = NO;
				ENABLE_STRICT_OBJC_MSGSEND = YES;
				GCC_C_LANGUAGE_STANDARD = gnu11;
				GCC_NO_COMMON_BLOCKS = YES;
				GCC_WARN_64_TO_32_BIT_CONVERSION = YES;
				GCC_WARN_ABOUT_RETURN_TYPE = YES_ERROR;
				GCC_WARN_UNDECLARED_SELECTOR = YES;
				GCC_WARN_UNINITIALIZED_AUTOS = YES_AGGRESSIVE;
				GCC_WARN_UNUSED_FUNCTION = YES;
				GCC_WARN_UNUSED_VARIABLE = YES;
				IPHONEOS_DEPLOYMENT_TARGET = 14.4;
				MTL_ENABLE_DEBUG_INFO = NO;
				MTL_FAST_MATH = YES;
				SDKROOT = iphoneos;
				SWIFT_COMPILATION_MODE = wholemodule;
				SWIFT_OPTIMIZATION_LEVEL = "-O";
				VALIDATE_PRODUCT = YES;
			};
			name = Release;
		};
		38182C3425F7AEB200C5D02C /* Debug */ = {
			isa = XCBuildConfiguration;
			buildSettings = {
				ASSETCATALOG_COMPILER_APPICON_NAME = AppIcon;
				ASSETCATALOG_COMPILER_GLOBAL_ACCENT_COLOR_NAME = AccentColor;
				CODE_SIGN_STYLE = Automatic;
				DEVELOPMENT_ASSET_PATHS = "\"MinecraftPlayers/Preview Content\"";
				ENABLE_PREVIEWS = YES;
				INFOPLIST_FILE = MinecraftPlayers/Info.plist;
				LD_RUNPATH_SEARCH_PATHS = (
					"$(inherited)",
					"@executable_path/Frameworks",
				);
				PRODUCT_BUNDLE_IDENTIFIER = com.ilyat.MinecraftPlayers;
				PRODUCT_NAME = "$(TARGET_NAME)";
				SWIFT_VERSION = 5.0;
				TARGETED_DEVICE_FAMILY = "1,2";
			};
			name = Debug;
		};
		38182C3525F7AEB200C5D02C /* Release */ = {
			isa = XCBuildConfiguration;
			buildSettings = {
				ASSETCATALOG_COMPILER_APPICON_NAME = AppIcon;
				ASSETCATALOG_COMPILER_GLOBAL_ACCENT_COLOR_NAME = AccentColor;
				CODE_SIGN_STYLE = Automatic;
				DEVELOPMENT_ASSET_PATHS = "\"MinecraftPlayers/Preview Content\"";
				ENABLE_PREVIEWS = YES;
				INFOPLIST_FILE = MinecraftPlayers/Info.plist;
				LD_RUNPATH_SEARCH_PATHS = (
					"$(inherited)",
					"@executable_path/Frameworks",
				);
				PRODUCT_BUNDLE_IDENTIFIER = com.ilyat.MinecraftPlayers;
				PRODUCT_NAME = "$(TARGET_NAME)";
				SWIFT_VERSION = 5.0;
				TARGETED_DEVICE_FAMILY = "1,2";
			};
			name = Release;
		};
/* End XCBuildConfiguration section */

/* Begin XCConfigurationList section */
		38182C1A25F7AE9600C5D02C /* Build configuration list for PBXProject "MinecraftPlayers" */ = {
			isa = XCConfigurationList;
			buildConfigurations = (
				38182C3125F7AEB200C5D02C /* Debug */,
				38182C3225F7AEB200C5D02C /* Release */,
			);
			defaultConfigurationIsVisible = 0;
			defaultConfigurationName = Release;
		};
		38182C3325F7AEB200C5D02C /* Build configuration list for PBXNativeTarget "MinecraftPlayers" */ = {
			isa = XCConfigurationList;
			buildConfigurations = (
				38182C3425F7AEB200C5D02C /* Debug */,
				38182C3525F7AEB200C5D02C /* Release */,
			);
			defaultConfigurationIsVisible = 0;
			defaultConfigurationName = Release;
		};
/* End XCConfigurationList section */

/* Begin XCRemoteSwiftPackageReference section */
		38182C5125F7B0BF00C5D02C /* XCRemoteSwiftPackageReference "firebase-ios-sdk" */ = {
			isa = XCRemoteSwiftPackageReference;
			repositoryURL = "https://github.com/firebase/firebase-ios-sdk.git";
			requirement = {
				kind = upToNextMajorVersion;
				minimumVersion = 7.7.0;
			};
		};
/* End XCRemoteSwiftPackageReference section */

/* Begin XCSwiftPackageProductDependency section */
		38182C5225F7B0BF00C5D02C /* FirebaseFirestoreSwift-Beta */ = {
			isa = XCSwiftPackageProductDependency;
			package = 38182C5125F7B0BF00C5D02C /* XCRemoteSwiftPackageReference "firebase-ios-sdk" */;
			productName = "FirebaseFirestoreSwift-Beta";
		};
		38182C5425F7B0BF00C5D02C /* FirebaseStorage */ = {
			isa = XCSwiftPackageProductDependency;
			package = 38182C5125F7B0BF00C5D02C /* XCRemoteSwiftPackageReference "firebase-ios-sdk" */;
			productName = FirebaseStorage;
		};
		38182C5625F7B0BF00C5D02C /* FirebaseAuth */ = {
			isa = XCSwiftPackageProductDependency;
			package = 38182C5125F7B0BF00C5D02C /* XCRemoteSwiftPackageReference "firebase-ios-sdk" */;
			productName = FirebaseAuth;
		};
		38182C5825F7B0BF00C5D02C /* FirebaseFirestore */ = {
			isa = XCSwiftPackageProductDependency;
			package = 38182C5125F7B0BF00C5D02C /* XCRemoteSwiftPackageReference "firebase-ios-sdk" */;
			productName = FirebaseFirestore;
		};
/* End XCSwiftPackageProductDependency section */
	};
	rootObject = 38182C1725F7AE9600C5D02C /* Project object */;
}
